
Microsoft Visual Studio Solution File, Format Version 10.00
# Visual Studio 2008
Project("{54435603-DBB4-11D2-8724-00A0C9A8B90C}") = "PJClientInstaller", "PJClientInstaller.vdproj", "{7C63D63C-5545-43CE-8F4D-E6595B25CBA0}"
EndProject
Global
	GlobalSection(SolutionConfigurationPlatforms) = preSolution
		Debug|Default = Debug|Default
		Release|Default = Release|Default
	EndGlobalSection
	GlobalSection(ProjectConfigurationPlatforms) = postSolution
		{7C63D63C-5545-43CE-8F4D-E6595B25CBA0}.Debug|Default.ActiveCfg = Debug
		{7C63D63C-5545-43CE-8F4D-E6595B25CBA0}.Debug|Default.Build.0 = Debug
		{7C63D63C-5545-43CE-8F4D-E6595B25CBA0}.Release|Default.ActiveCfg = Release
		{7C63D63C-5545-43CE-8F4D-E6595B25CBA0}.Release|Default.Build.0 = Release
	EndGlobalSection
	GlobalSection(SolutionProperties) = preSolution
		HideSolutionNode = FALSE
	EndGlobalSection
EndGlobal
